
Microsoft Visual Studio Solution File, Format Version 12.00
# Visual Studio Version 17
VisualStudioVersion = 17.2.32616.157
MinimumVisualStudioVersion = 10.0.40219.1
Project("{8BC9CEB8-8B4A-11D0-8D11-00A0C91BC942}") = "SandboxBootkit", "SandboxBootkit\SandboxBootkit.vcxproj", "{00F9B865-9986-4D9C-BB53-7BB826522896}"
EndProject
Global
	GlobalSection(SolutionConfigurationPlatforms) = preSolution
		Release|x64 = Release|x64
	EndGlobalSection
	GlobalSection(ProjectConfigurationPlatforms) = postSolution
		{00F9B865-9986-4D9C-BB53-7BB826522896}.Release|x64.ActiveCfg = Release|x64
		{00F9B865-9986-4D9C-BB53-7BB826522896}.Release|x64.Build.0 = Release|x64
	EndGlobalSection
	GlobalSection(SolutionProperties) = preSolution
		HideSolutionNode = FALSE
	EndGlobalSection
	GlobalSection(ExtensibilityGlobals) = postSolution
		SolutionGuid = {C0BEC786-9EFF-40A9-ABB9-3B3CE365C392}
	EndGlobalSection
EndGlobal
